
Microsoft Visual Studio Solution File, Format Version 12.00
# Visual Studio Version 17
VisualStudioVersion = 17.11.35303.130
MinimumVisualStudioVersion = 10.0.40219.1
Project("{FAE04EC0-301F-11D3-BF4B-00C04F79EFBC}") = "BaiTap07", "BaiTap07.csproj", "{467DAE15-B979-4CDE-A0FD-B60AE8639FF2}"
EndProject
Global
	GlobalSection(SolutionConfigurationPlatforms) = preSolution
		Debug|Any CPU = Debug|Any CPU
		Release|Any CPU = Release|Any CPU
	EndGlobalSection
	GlobalSection(ProjectConfigurationPlatforms) = postSolution
		{467DAE15-B979-4CDE-A0FD-B60AE8639FF2}.Debug|Any CPU.ActiveCfg = Debug|Any CPU
		{467DAE15-B979-4CDE-A0FD-B60AE8639FF2}.Debug|Any CPU.Build.0 = Debug|Any CPU
		{467DAE15-B979-4CDE-A0FD-B60AE8639FF2}.Release|Any CPU.ActiveCfg = Release|Any CPU
		{467DAE15-B979-4CDE-A0FD-B60AE8639FF2}.Release|Any CPU.Build.0 = Release|Any CPU
	EndGlobalSection
	GlobalSection(SolutionProperties) = preSolution
		HideSolutionNode = FALSE
	EndGlobalSection
	GlobalSection(ExtensibilityGlobals) = postSolution
		SolutionGuid = {F8EB5E5B-3A48-4DF7-B791-132FF460F3FA}
	EndGlobalSection
EndGlobal
